// !$*UTF8*$!
{
	archiveVersion = 1;
	classes = {
	};
	objectVersion = 56;
	objects = {

/* Begin PBXBuildFile section */
		A10000001 /* BobbleApp.swift in Sources */ = {isa = PBXBuildFile; fileRef = B10000001 /* BobbleApp.swift */; };
		A10000002 /* AppDelegate.swift in Sources */ = {isa = PBXBuildFile; fileRef = B10000002 /* AppDelegate.swift */; };
		A10000003 /* FloatingPanel.swift in Sources */ = {isa = PBXBuildFile; fileRef = B10000003 /* FloatingPanel.swift */; };
		A10000004 /* WindowPositionManager.swift in Sources */ = {isa = PBXBuildFile; fileRef = B10000004 /* WindowPositionManager.swift */; };
		A10000005 /* DesignTokens.swift in Sources */ = {isa = PBXBuildFile; fileRef = B10000005 /* DesignTokens.swift */; };
		A10000006 /* ChatSession.swift in Sources */ = {isa = PBXBuildFile; fileRef = B10000006 /* ChatSession.swift */; };
		A10000007 /* ChatMessage.swift in Sources */ = {isa = PBXBuildFile; fileRef = B10000007 /* ChatMessage.swift */; };
		A10000008 /* CLIBackend.swift in Sources */ = {isa = PBXBuildFile; fileRef = B10000008 /* CLIBackend.swift */; };
		A10000009 /* ChatHeadsManager.swift in Sources */ = {isa = PBXBuildFile; fileRef = B10000009 /* ChatHeadsManager.swift */; };
		A10000010 /* ChatSessionViewModel.swift in Sources */ = {isa = PBXBuildFile; fileRef = B10000010 /* ChatSessionViewModel.swift */; };
		A10000011 /* CLIProcessManager.swift in Sources */ = {isa = PBXBuildFile; fileRef = B10000011 /* CLIProcessManager.swift */; };
		A10000012 /* StreamParser.swift in Sources */ = {isa = PBXBuildFile; fileRef = B10000012 /* StreamParser.swift */; };
		A10000013 /* ChatHeadView.swift in Sources */ = {isa = PBXBuildFile; fileRef = B10000013 /* ChatHeadView.swift */; };
		A10000014 /* ChatHeadStackView.swift in Sources */ = {isa = PBXBuildFile; fileRef = B10000014 /* ChatHeadStackView.swift */; };
		A10000015 /* ChatWindowView.swift in Sources */ = {isa = PBXBuildFile; fileRef = B10000015 /* ChatWindowView.swift */; };
		A10000016 /* MessageBubbleView.swift in Sources */ = {isa = PBXBuildFile; fileRef = B10000016 /* MessageBubbleView.swift */; };
		A10000017 /* InputBarView.swift in Sources */ = {isa = PBXBuildFile; fileRef = B10000017 /* InputBarView.swift */; };
		A10000018 /* Assets.xcassets in Resources */ = {isa = PBXBuildFile; fileRef = B10000018 /* Assets.xcassets */; };
		A10000019 /* BobbleRootView.swift in Sources */ = {isa = PBXBuildFile; fileRef = B10000021 /* BobbleRootView.swift */; };
		A10000020 /* FloatingControlCircle.swift in Sources */ = {isa = PBXBuildFile; fileRef = B10000022 /* FloatingControlCircle.swift */; };
		A10000021 /* ConversationTransport.swift in Sources */ = {isa = PBXBuildFile; fileRef = B10000023 /* ConversationTransport.swift */; };
		A10000022 /* CopilotACPTransport.swift in Sources */ = {isa = PBXBuildFile; fileRef = B10000024 /* CopilotACPTransport.swift */; };
		A10000025 /* ClaudeInteractiveTransport.swift in Sources */ = {isa = PBXBuildFile; fileRef = B10000025 /* ClaudeInteractiveTransport.swift */; };
		A10000026 /* CodexAppServerTransport.swift in Sources */ = {isa = PBXBuildFile; fileRef = B10000026 /* CodexAppServerTransport.swift */; };
		A10000027 /* AttachmentSummaryFormatter.swift in Sources */ = {isa = PBXBuildFile; fileRef = B10000027 /* AttachmentSummaryFormatter.swift */; };
		A10000028 /* ChatHeadPreviewFormatter.swift in Sources */ = {isa = PBXBuildFile; fileRef = B10000028 /* ChatHeadPreviewFormatter.swift */; };
		A10000029 /* TypingIndicatorViews.swift in Sources */ = {isa = PBXBuildFile; fileRef = B10000029 /* TypingIndicatorViews.swift */; };
		A10000030 /* MarkdownMessageView.swift in Sources */ = {isa = PBXBuildFile; fileRef = B10000030 /* MarkdownMessageView.swift */; };
		A10000031 /* MessageAttachmentViews.swift in Sources */ = {isa = PBXBuildFile; fileRef = B10000031 /* MessageAttachmentViews.swift */; };
		A10000032 /* MessageBubbleContentView.swift in Sources */ = {isa = PBXBuildFile; fileRef = B10000032 /* MessageBubbleContentView.swift */; };
		A10000033 /* UsageMonitor.swift in Sources */ = {isa = PBXBuildFile; fileRef = B10000033 /* UsageMonitor.swift */; };
		A10000034 /* StatusBarController.swift in Sources */ = {isa = PBXBuildFile; fileRef = B10000034 /* StatusBarController.swift */; };
		A10000035 /* PanelCoordinator.swift in Sources */ = {isa = PBXBuildFile; fileRef = B10000035 /* PanelCoordinator.swift */; };
		A20000001 /* AttachmentSummaryFormatterTests.swift in Sources */ = {isa = PBXBuildFile; fileRef = B20000001 /* AttachmentSummaryFormatterTests.swift */; };
		A20000002 /* ProviderModelOptionTests.swift in Sources */ = {isa = PBXBuildFile; fileRef = B20000002 /* ProviderModelOptionTests.swift */; };
		A20000003 /* XCTest.framework in Frameworks */ = {isa = PBXBuildFile; fileRef = B20000003 /* XCTest.framework */; };
/* End PBXBuildFile section */

/* Begin PBXContainerItemProxy section */
		P10000001 /* PBXContainerItemProxy */ = {
			isa = PBXContainerItemProxy;
			containerPortal = F10000001 /* Project object */;
			proxyType = 1;
			remoteGlobalIDString = E10000001;
			remoteInfo = Bobble;
		};
/* End PBXContainerItemProxy section */

/* Begin PBXFileReference section */
		B10000001 /* BobbleApp.swift */ = {isa = PBXFileReference; lastKnownFileType = sourcecode.swift; path = BobbleApp.swift; sourceTree = "<group>"; };
		B10000002 /* AppDelegate.swift */ = {isa = PBXFileReference; lastKnownFileType = sourcecode.swift; path = AppDelegate.swift; sourceTree = "<group>"; };
		B10000003 /* FloatingPanel.swift */ = {isa = PBXFileReference; lastKnownFileType = sourcecode.swift; path = FloatingPanel.swift; sourceTree = "<group>"; };
		B10000004 /* WindowPositionManager.swift */ = {isa = PBXFileReference; lastKnownFileType = sourcecode.swift; path = WindowPositionManager.swift; sourceTree = "<group>"; };
		B10000005 /* DesignTokens.swift */ = {isa = PBXFileReference; lastKnownFileType = sourcecode.swift; path = DesignTokens.swift; sourceTree = "<group>"; };
		B10000006 /* ChatSession.swift */ = {isa = PBXFileReference; lastKnownFileType = sourcecode.swift; path = ChatSession.swift; sourceTree = "<group>"; };
		B10000007 /* ChatMessage.swift */ = {isa = PBXFileReference; lastKnownFileType = sourcecode.swift; path = ChatMessage.swift; sourceTree = "<group>"; };
		B10000008 /* CLIBackend.swift */ = {isa = PBXFileReference; lastKnownFileType = sourcecode.swift; path = CLIBackend.swift; sourceTree = "<group>"; };
		B10000009 /* ChatHeadsManager.swift */ = {isa = PBXFileReference; lastKnownFileType = sourcecode.swift; path = ChatHeadsManager.swift; sourceTree = "<group>"; };
		B10000010 /* ChatSessionViewModel.swift */ = {isa = PBXFileReference; lastKnownFileType = sourcecode.swift; path = ChatSessionViewModel.swift; sourceTree = "<group>"; };
		B10000011 /* CLIProcessManager.swift */ = {isa = PBXFileReference; lastKnownFileType = sourcecode.swift; path = CLIProcessManager.swift; sourceTree = "<group>"; };
		B10000012 /* StreamParser.swift */ = {isa = PBXFileReference; lastKnownFileType = sourcecode.swift; path = StreamParser.swift; sourceTree = "<group>"; };
		B10000013 /* ChatHeadView.swift */ = {isa = PBXFileReference; lastKnownFileType = sourcecode.swift; path = ChatHeadView.swift; sourceTree = "<group>"; };
		B10000014 /* ChatHeadStackView.swift */ = {isa = PBXFileReference; lastKnownFileType = sourcecode.swift; path = ChatHeadStackView.swift; sourceTree = "<group>"; };
		B10000015 /* ChatWindowView.swift */ = {isa = PBXFileReference; lastKnownFileType = sourcecode.swift; path = ChatWindowView.swift; sourceTree = "<group>"; };
		B10000016 /* MessageBubbleView.swift */ = {isa = PBXFileReference; lastKnownFileType = sourcecode.swift; path = MessageBubbleView.swift; sourceTree = "<group>"; };
		B10000017 /* InputBarView.swift */ = {isa = PBXFileReference; lastKnownFileType = sourcecode.swift; path = InputBarView.swift; sourceTree = "<group>"; };
		B10000018 /* Assets.xcassets */ = {isa = PBXFileReference; lastKnownFileType = folder.assetcatalog; path = Assets.xcassets; sourceTree = "<group>"; };
		B10000019 /* Info.plist */ = {isa = PBXFileReference; lastKnownFileType = text.plist.xml; path = Info.plist; sourceTree = "<group>"; };
		B10000020 /* Bobble.entitlements */ = {isa = PBXFileReference; lastKnownFileType = text.plist.entitlements; path = Bobble.entitlements; sourceTree = "<group>"; };
		B10000021 /* BobbleRootView.swift */ = {isa = PBXFileReference; lastKnownFileType = sourcecode.swift; path = BobbleRootView.swift; sourceTree = "<group>"; };
		B10000022 /* FloatingControlCircle.swift */ = {isa = PBXFileReference; lastKnownFileType = sourcecode.swift; path = FloatingControlCircle.swift; sourceTree = "<group>"; };
		B10000023 /* ConversationTransport.swift */ = {isa = PBXFileReference; lastKnownFileType = sourcecode.swift; path = ConversationTransport.swift; sourceTree = "<group>"; };
		B10000024 /* CopilotACPTransport.swift */ = {isa = PBXFileReference; lastKnownFileType = sourcecode.swift; path = CopilotACPTransport.swift; sourceTree = "<group>"; };
		B10000025 /* ClaudeInteractiveTransport.swift */ = {isa = PBXFileReference; lastKnownFileType = sourcecode.swift; path = ClaudeInteractiveTransport.swift; sourceTree = "<group>"; };
		B10000026 /* CodexAppServerTransport.swift */ = {isa = PBXFileReference; lastKnownFileType = sourcecode.swift; path = CodexAppServerTransport.swift; sourceTree = "<group>"; };
		B10000027 /* AttachmentSummaryFormatter.swift */ = {isa = PBXFileReference; lastKnownFileType = sourcecode.swift; path = AttachmentSummaryFormatter.swift; sourceTree = "<group>"; };
		B10000028 /* ChatHeadPreviewFormatter.swift */ = {isa = PBXFileReference; lastKnownFileType = sourcecode.swift; path = ChatHeadPreviewFormatter.swift; sourceTree = "<group>"; };
		B10000029 /* TypingIndicatorViews.swift */ = {isa = PBXFileReference; lastKnownFileType = sourcecode.swift; path = TypingIndicatorViews.swift; sourceTree = "<group>"; };
		B10000030 /* MarkdownMessageView.swift */ = {isa = PBXFileReference; lastKnownFileType = sourcecode.swift; path = MarkdownMessageView.swift; sourceTree = "<group>"; };
		B10000031 /* MessageAttachmentViews.swift */ = {isa = PBXFileReference; lastKnownFileType = sourcecode.swift; path = MessageAttachmentViews.swift; sourceTree = "<group>"; };
		B10000032 /* MessageBubbleContentView.swift */ = {isa = PBXFileReference; lastKnownFileType = sourcecode.swift; path = MessageBubbleContentView.swift; sourceTree = "<group>"; };
		B10000033 /* UsageMonitor.swift */ = {isa = PBXFileReference; lastKnownFileType = sourcecode.swift; path = UsageMonitor.swift; sourceTree = "<group>"; };
		B10000034 /* StatusBarController.swift */ = {isa = PBXFileReference; lastKnownFileType = sourcecode.swift; path = StatusBarController.swift; sourceTree = "<group>"; };
		B10000035 /* PanelCoordinator.swift */ = {isa = PBXFileReference; lastKnownFileType = sourcecode.swift; path = PanelCoordinator.swift; sourceTree = "<group>"; };
		B10000099 /* Bobble.app */ = {isa = PBXFileReference; explicitFileType = wrapper.application; includeInIndex = 0; path = Bobble.app; sourceTree = BUILT_PRODUCTS_DIR; };
		B20000001 /* AttachmentSummaryFormatterTests.swift */ = {isa = PBXFileReference; lastKnownFileType = sourcecode.swift; path = AttachmentSummaryFormatterTests.swift; sourceTree = "<group>"; };
		B20000002 /* ProviderModelOptionTests.swift */ = {isa = PBXFileReference; lastKnownFileType = sourcecode.swift; path = ProviderModelOptionTests.swift; sourceTree = "<group>"; };
		B20000003 /* XCTest.framework */ = {isa = PBXFileReference; lastKnownFileType = wrapper.framework; name = XCTest.framework; path = System/Library/Frameworks/XCTest.framework; sourceTree = SDKROOT; };
		B20000099 /* BobbleTests.xctest */ = {isa = PBXFileReference; explicitFileType = wrapper.cfbundle; includeInIndex = 0; path = BobbleTests.xctest; sourceTree = BUILT_PRODUCTS_DIR; };
/* End PBXFileReference section */

/* Begin PBXFrameworksBuildPhase section */
		C10000001 /* Frameworks */ = {
			isa = PBXFrameworksBuildPhase;
			buildActionMask = 2147483647;
			files = (
			);
			runOnlyForDeploymentPostprocessing = 0;
		};
		C10000002 /* Frameworks */ = {
			isa = PBXFrameworksBuildPhase;
			buildActionMask = 2147483647;
			files = (
				A20000003 /* XCTest.framework in Frameworks */,
			);
			runOnlyForDeploymentPostprocessing = 0;
		};
/* End PBXFrameworksBuildPhase section */

/* Begin PBXGroup section */
		433E28BC2F73AABD00A2765B /* Recovered References */ = {
			isa = PBXGroup;
			children = (
				B20000003 /* XCTest.framework */,
			);
			name = "Recovered References";
			sourceTree = "<group>";
		};
		D10000001 = {
			isa = PBXGroup;
			children = (
				D10000002 /* Bobble */,
				D10000010 /* BobbleTests */,
				D10000099 /* Products */,
				433E28BC2F73AABD00A2765B /* Recovered References */,
			);
			sourceTree = "<group>";
		};
		D10000002 /* Bobble */ = {
			isa = PBXGroup;
			children = (
				B10000001 /* BobbleApp.swift */,
				B10000002 /* AppDelegate.swift */,
				B10000019 /* Info.plist */,
				B10000020 /* Bobble.entitlements */,
				D10000003 /* Models */,
				D10000004 /* ViewModels */,
				D10000005 /* Process */,
				D10000006 /* Views */,
				D10000007 /* Windows */,
				D10000008 /* Utilities */,
				D10000009 /* Resources */,
			);
			path = Bobble;
			sourceTree = "<group>";
		};
		D10000003 /* Models */ = {
			isa = PBXGroup;
			children = (
				B10000006 /* ChatSession.swift */,
				B10000007 /* ChatMessage.swift */,
				B10000008 /* CLIBackend.swift */,
			);
			path = Models;
			sourceTree = "<group>";
		};
		D10000004 /* ViewModels */ = {
			isa = PBXGroup;
			children = (
				B10000009 /* ChatHeadsManager.swift */,
				B10000010 /* ChatSessionViewModel.swift */,
			);
			path = ViewModels;
			sourceTree = "<group>";
		};
		D10000005 /* Process */ = {
			isa = PBXGroup;
			children = (
				B10000011 /* CLIProcessManager.swift */,
				B10000012 /* StreamParser.swift */,
				B10000023 /* ConversationTransport.swift */,
				B10000024 /* CopilotACPTransport.swift */,
				B10000025 /* ClaudeInteractiveTransport.swift */,
				B10000026 /* CodexAppServerTransport.swift */,
			);
			path = Process;
			sourceTree = "<group>";
		};
		D10000006 /* Views */ = {
			isa = PBXGroup;
			children = (
				B10000013 /* ChatHeadView.swift */,
				B10000014 /* ChatHeadStackView.swift */,
				B10000015 /* ChatWindowView.swift */,
				B10000016 /* MessageBubbleView.swift */,
				B10000029 /* TypingIndicatorViews.swift */,
				B10000030 /* MarkdownMessageView.swift */,
				B10000031 /* MessageAttachmentViews.swift */,
				B10000032 /* MessageBubbleContentView.swift */,
				B10000017 /* InputBarView.swift */,
				B10000021 /* BobbleRootView.swift */,
				B10000022 /* FloatingControlCircle.swift */,
			);
			path = Views;
			sourceTree = "<group>";
		};
		D10000007 /* Windows */ = {
			isa = PBXGroup;
			children = (
				B10000003 /* FloatingPanel.swift */,
				B10000004 /* WindowPositionManager.swift */,
				B10000035 /* PanelCoordinator.swift */,
			);
			path = Windows;
			sourceTree = "<group>";
		};
		D10000008 /* Utilities */ = {
			isa = PBXGroup;
			children = (
				B10000005 /* DesignTokens.swift */,
				B10000027 /* AttachmentSummaryFormatter.swift */,
				B10000028 /* ChatHeadPreviewFormatter.swift */,
				B10000033 /* UsageMonitor.swift */,
				B10000034 /* StatusBarController.swift */,
			);
			path = Utilities;
			sourceTree = "<group>";
		};
		D10000009 /* Resources */ = {
			isa = PBXGroup;
			children = (
				B10000018 /* Assets.xcassets */,
			);
			path = Resources;
			sourceTree = "<group>";
		};
		D10000010 /* BobbleTests */ = {
			isa = PBXGroup;
			children = (
				B20000001 /* AttachmentSummaryFormatterTests.swift */,
				B20000002 /* ProviderModelOptionTests.swift */,
			);
			path = BobbleTests;
			sourceTree = "<group>";
		};
		D10000099 /* Products */ = {
			isa = PBXGroup;
			children = (
				B10000099 /* Bobble.app */,
				B20000099 /* BobbleTests.xctest */,
			);
			name = Products;
			sourceTree = "<group>";
		};
/* End PBXGroup section */

/* Begin PBXNativeTarget section */
		E10000001 /* Bobble */ = {
			isa = PBXNativeTarget;
			buildConfigurationList = F10000003 /* Build configuration list for PBXNativeTarget "Bobble" */;
			buildPhases = (
				E10000002 /* Sources */,
				C10000001 /* Frameworks */,
				E10000003 /* Resources */,
			);
			buildRules = (
			);
			dependencies = (
			);
			name = Bobble;
			productName = Bobble;
			productReference = B10000099 /* Bobble.app */;
			productType = "com.apple.product-type.application";
		};
		E20000001 /* BobbleTests */ = {
			isa = PBXNativeTarget;
			buildConfigurationList = F10000004 /* Build configuration list for PBXNativeTarget "BobbleTests" */;
			buildPhases = (
				E20000002 /* Sources */,
				C10000002 /* Frameworks */,
			);
			buildRules = (
			);
			dependencies = (
				T10000001 /* PBXTargetDependency */,
			);
			name = BobbleTests;
			productName = BobbleTests;
			productReference = B20000099 /* BobbleTests.xctest */;
			productType = "com.apple.product-type.bundle.unit-test";
		};
/* End PBXNativeTarget section */

/* Begin PBXProject section */
		F10000001 /* Project object */ = {
			isa = PBXProject;
			attributes = {
				BuildIndependentTargetsInParallel = 1;
				LastSwiftUpdateCheck = 1600;
				LastUpgradeCheck = 2600;
			};
			buildConfigurationList = F10000002 /* Build configuration list for PBXProject "Bobble" */;
			compatibilityVersion = "Xcode 14.0";
			developmentRegion = en;
			hasScannedForEncodings = 0;
			knownRegions = (
				en,
				Base,
			);
			mainGroup = D10000001;
			productRefGroup = D10000099 /* Products */;
			projectDirPath = "";
			projectRoot = "";
			targets = (
				E10000001 /* Bobble */,
				E20000001 /* BobbleTests */,
			);
		};
/* End PBXProject section */

/* Begin PBXResourcesBuildPhase section */
		E10000003 /* Resources */ = {
			isa = PBXResourcesBuildPhase;
			buildActionMask = 2147483647;
			files = (
				A10000018 /* Assets.xcassets in Resources */,
			);
			runOnlyForDeploymentPostprocessing = 0;
		};
/* End PBXResourcesBuildPhase section */

/* Begin PBXSourcesBuildPhase section */
		E10000002 /* Sources */ = {
			isa = PBXSourcesBuildPhase;
			buildActionMask = 2147483647;
			files = (
				A10000001 /* BobbleApp.swift in Sources */,
				A10000002 /* AppDelegate.swift in Sources */,
				A10000003 /* FloatingPanel.swift in Sources */,
				A10000004 /* WindowPositionManager.swift in Sources */,
				A10000005 /* DesignTokens.swift in Sources */,
				A10000006 /* ChatSession.swift in Sources */,
				A10000007 /* ChatMessage.swift in Sources */,
				A10000008 /* CLIBackend.swift in Sources */,
				A10000009 /* ChatHeadsManager.swift in Sources */,
				A10000010 /* ChatSessionViewModel.swift in Sources */,
				A10000011 /* CLIProcessManager.swift in Sources */,
				A10000012 /* StreamParser.swift in Sources */,
				A10000013 /* ChatHeadView.swift in Sources */,
				A10000014 /* ChatHeadStackView.swift in Sources */,
				A10000015 /* ChatWindowView.swift in Sources */,
				A10000016 /* MessageBubbleView.swift in Sources */,
				A10000017 /* InputBarView.swift in Sources */,
				A10000019 /* BobbleRootView.swift in Sources */,
				A10000020 /* FloatingControlCircle.swift in Sources */,
				A10000021 /* ConversationTransport.swift in Sources */,
				A10000022 /* CopilotACPTransport.swift in Sources */,
				A10000025 /* ClaudeInteractiveTransport.swift in Sources */,
				A10000026 /* CodexAppServerTransport.swift in Sources */,
				A10000027 /* AttachmentSummaryFormatter.swift in Sources */,
				A10000028 /* ChatHeadPreviewFormatter.swift in Sources */,
				A10000029 /* TypingIndicatorViews.swift in Sources */,
				A10000030 /* MarkdownMessageView.swift in Sources */,
				A10000031 /* MessageAttachmentViews.swift in Sources */,
				A10000032 /* MessageBubbleContentView.swift in Sources */,
				A10000033 /* UsageMonitor.swift in Sources */,
				A10000034 /* StatusBarController.swift in Sources */,
				A10000035 /* PanelCoordinator.swift in Sources */,
			);
			runOnlyForDeploymentPostprocessing = 0;
		};
		E20000002 /* Sources */ = {
			isa = PBXSourcesBuildPhase;
			buildActionMask = 2147483647;
			files = (
				A20000001 /* AttachmentSummaryFormatterTests.swift in Sources */,
				A20000002 /* ProviderModelOptionTests.swift in Sources */,
			);
			runOnlyForDeploymentPostprocessing = 0;
		};
/* End PBXSourcesBuildPhase section */

/* Begin PBXTargetDependency section */
		T10000001 /* PBXTargetDependency */ = {
			isa = PBXTargetDependency;
			target = E10000001 /* Bobble */;
			targetProxy = P10000001 /* PBXContainerItemProxy */;
		};
/* End PBXTargetDependency section */

/* Begin XCBuildConfiguration section */
		G10000001 /* Debug */ = {
			isa = XCBuildConfiguration;
			buildSettings = {
				ALWAYS_SEARCH_USER_PATHS = NO;
				CLANG_ANALYZER_NONNULL = YES;
				CLANG_CXX_LANGUAGE_STANDARD = "gnu++20";
				CLANG_ENABLE_MODULES = YES;
				CLANG_ENABLE_OBJC_ARC = YES;
				CLANG_WARN_BLOCK_CAPTURE_AUTORELEASING = YES;
				CLANG_WARN_BOOL_CONVERSION = YES;
				CLANG_WARN_COMMA = YES;
				CLANG_WARN_CONSTANT_CONVERSION = YES;
				CLANG_WARN_DEPRECATED_OBJC_IMPLEMENTATIONS = YES;
				CLANG_WARN_EMPTY_BODY = YES;
				CLANG_WARN_ENUM_CONVERSION = YES;
				CLANG_WARN_INFINITE_RECURSION = YES;
				CLANG_WARN_INT_CONVERSION = YES;
				CLANG_WARN_NON_LITERAL_NULL_CONVERSION = YES;
				CLANG_WARN_OBJC_IMPLICIT_RETAIN_SELF = YES;
				CLANG_WARN_OBJC_LITERAL_CONVERSION = YES;
				CLANG_WARN_QUOTED_INCLUDE_IN_FRAMEWORK_HEADER = YES;
				CLANG_WARN_RANGE_LOOP_ANALYSIS = YES;
				CLANG_WARN_STRICT_PROTOTYPES = YES;
				CLANG_WARN_SUSPICIOUS_MOVE = YES;
				CLANG_WARN_UNREACHABLE_CODE = YES;
				CLANG_WARN__DUPLICATE_METHOD_MATCH = YES;
				COPY_PHASE_STRIP = NO;
				DEAD_CODE_STRIPPING = YES;
				DEBUG_INFORMATION_FORMAT = dwarf;
				DEVELOPMENT_TEAM = MJWG2F9J23;
				ENABLE_STRICT_OBJC_MSGSEND = YES;
				ENABLE_TESTABILITY = YES;
				ENABLE_USER_SCRIPT_SANDBOXING = YES;
				GCC_DYNAMIC_NO_PIC = NO;
				GCC_NO_COMMON_BLOCKS = YES;
				GCC_OPTIMIZATION_LEVEL = 0;
				GCC_PREPROCESSOR_DEFINITIONS = (
					"DEBUG=1",
					"$(inherited)",
				);
				GCC_WARN_64_TO_32_BIT_CONVERSION = YES;
				GCC_WARN_ABOUT_RETURN_TYPE = YES;
				GCC_WARN_UNDECLARED_SELECTOR = YES;
				GCC_WARN_UNINITIALIZED_AUTOS = YES;
				GCC_WARN_UNUSED_FUNCTION = YES;
				GCC_WARN_UNUSED_VARIABLE = YES;
				MACOSX_DEPLOYMENT_TARGET = 14.0;
				MTL_ENABLE_DEBUG_INFO = INCLUDE_SOURCE;
				ONLY_ACTIVE_ARCH = YES;
				SDKROOT = macosx;
				STRING_CATALOG_GENERATE_SYMBOLS = YES;
				SWIFT_ACTIVE_COMPILATION_CONDITIONS = DEBUG;
				SWIFT_OPTIMIZATION_LEVEL = "-Onone";
			};
			name = Debug;
		};
		G10000002 /* Release */ = {
			isa = XCBuildConfiguration;
			buildSettings = {
				ALWAYS_SEARCH_USER_PATHS = NO;
				CLANG_ANALYZER_NONNULL = YES;
				CLANG_CXX_LANGUAGE_STANDARD = "gnu++20";
				CLANG_ENABLE_MODULES = YES;
				CLANG_ENABLE_OBJC_ARC = YES;
				CLANG_WARN_BLOCK_CAPTURE_AUTORELEASING = YES;
				CLANG_WARN_BOOL_CONVERSION = YES;
				CLANG_WARN_COMMA = YES;
				CLANG_WARN_CONSTANT_CONVERSION = YES;
				CLANG_WARN_DEPRECATED_OBJC_IMPLEMENTATIONS = YES;
				CLANG_WARN_EMPTY_BODY = YES;
				CLANG_WARN_ENUM_CONVERSION = YES;
				CLANG_WARN_INFINITE_RECURSION = YES;
				CLANG_WARN_INT_CONVERSION = YES;
				CLANG_WARN_NON_LITERAL_NULL_CONVERSION = YES;
				CLANG_WARN_OBJC_IMPLICIT_RETAIN_SELF = YES;
				CLANG_WARN_OBJC_LITERAL_CONVERSION = YES;
				CLANG_WARN_QUOTED_INCLUDE_IN_FRAMEWORK_HEADER = YES;
				CLANG_WARN_RANGE_LOOP_ANALYSIS = YES;
				CLANG_WARN_STRICT_PROTOTYPES = YES;
				CLANG_WARN_SUSPICIOUS_MOVE = YES;
				CLANG_WARN_UNREACHABLE_CODE = YES;
				CLANG_WARN__DUPLICATE_METHOD_MATCH = YES;
				COPY_PHASE_STRIP = NO;
				DEAD_CODE_STRIPPING = YES;
				DEBUG_INFORMATION_FORMAT = "dwarf-with-dsym";
				DEVELOPMENT_TEAM = MJWG2F9J23;
				ENABLE_NS_ASSERTIONS = NO;
				ENABLE_STRICT_OBJC_MSGSEND = YES;
				ENABLE_USER_SCRIPT_SANDBOXING = YES;
				GCC_NO_COMMON_BLOCKS = YES;
				GCC_WARN_64_TO_32_BIT_CONVERSION = YES;
				GCC_WARN_ABOUT_RETURN_TYPE = YES;
				GCC_WARN_UNDECLARED_SELECTOR = YES;
				GCC_WARN_UNINITIALIZED_AUTOS = YES;
				GCC_WARN_UNUSED_FUNCTION = YES;
				GCC_WARN_UNUSED_VARIABLE = YES;
				MACOSX_DEPLOYMENT_TARGET = 14.0;
				SDKROOT = macosx;
				STRING_CATALOG_GENERATE_SYMBOLS = YES;
				SWIFT_COMPILATION_MODE = wholemodule;
				SWIFT_OPTIMIZATION_LEVEL = "-O";
			};
			name = Release;
		};
		G10000003 /* Debug */ = {
			isa = XCBuildConfiguration;
			buildSettings = {
				ASSETCATALOG_COMPILER_APPICON_NAME = AppIcon;
				CODE_SIGN_ENTITLEMENTS = Bobble/Bobble.entitlements;
				"CODE_SIGN_IDENTITY[sdk=macosx*]" = "Apple Development";
				CODE_SIGN_STYLE = Automatic;
				COMBINE_HIDPI_IMAGES = YES;
				CURRENT_PROJECT_VERSION = 1;
				DEAD_CODE_STRIPPING = YES;
				GENERATE_INFOPLIST_FILE = YES;
				INFOPLIST_FILE = Bobble/Info.plist;
				INFOPLIST_KEY_CFBundleDisplayName = Bobble;
				INFOPLIST_KEY_LSApplicationCategoryType = "public.app-category.productivity";
				INFOPLIST_KEY_LSUIElement = YES;
				INFOPLIST_KEY_NSHumanReadableCopyright = "";
				LD_RUNPATH_SEARCH_PATHS = (
					"$(inherited)",
					"@executable_path/../Frameworks",
				);
				MARKETING_VERSION = 1.0;
				PRODUCT_BUNDLE_IDENTIFIER = com.bobble.app;
				PRODUCT_NAME = "$(TARGET_NAME)";
				SWIFT_EMIT_LOC_STRINGS = YES;
				SWIFT_VERSION = 5.0;
			};
			name = Debug;
		};
		G10000004 /* Release */ = {
			isa = XCBuildConfiguration;
			buildSettings = {
				ASSETCATALOG_COMPILER_APPICON_NAME = AppIcon;
				CODE_SIGN_ENTITLEMENTS = Bobble/Bobble.entitlements;
				CODE_SIGN_IDENTITY = "Apple Development";
				"CODE_SIGN_IDENTITY[sdk=macosx*]" = "Developer ID Application";
				CODE_SIGN_STYLE = Manual;
				COMBINE_HIDPI_IMAGES = YES;
				CURRENT_PROJECT_VERSION = 1;
				DEAD_CODE_STRIPPING = YES;
				DEVELOPMENT_TEAM = "";
				"DEVELOPMENT_TEAM[sdk=macosx*]" = MJWG2F9J23;
				GENERATE_INFOPLIST_FILE = YES;
				INFOPLIST_FILE = Bobble/Info.plist;
				INFOPLIST_KEY_CFBundleDisplayName = Bobble;
				INFOPLIST_KEY_LSApplicationCategoryType = "public.app-category.productivity";
				INFOPLIST_KEY_LSUIElement = YES;
				INFOPLIST_KEY_NSHumanReadableCopyright = "";
				LD_RUNPATH_SEARCH_PATHS = (
					"$(inherited)",
					"@executable_path/../Frameworks",
				);
				MARKETING_VERSION = 1.0;
				PRODUCT_BUNDLE_IDENTIFIER = com.bobble.app;
				PRODUCT_NAME = "$(TARGET_NAME)";
				PROVISIONING_PROFILE_SPECIFIER = "";
				SWIFT_EMIT_LOC_STRINGS = YES;
				SWIFT_VERSION = 5.0;
			};
			name = Release;
		};
		G10000005 /* Debug */ = {
			isa = XCBuildConfiguration;
			buildSettings = {
				BUNDLE_LOADER = "$(TEST_HOST)";
				CODE_SIGN_STYLE = Automatic;
				CURRENT_PROJECT_VERSION = 1;
				DEVELOPMENT_TEAM = MJWG2F9J23;
				GENERATE_INFOPLIST_FILE = YES;
				INFOPLIST_KEY_CFBundleDisplayName = BobbleTests;
				LD_RUNPATH_SEARCH_PATHS = (
					"$(inherited)",
					"@executable_path/../Frameworks",
					"@loader_path/../Frameworks",
				);
				MACOSX_DEPLOYMENT_TARGET = 14.0;
				MARKETING_VERSION = 1.0;
				PRODUCT_BUNDLE_IDENTIFIER = com.bobble.tests;
				PRODUCT_NAME = "$(TARGET_NAME)";
				SWIFT_EMIT_LOC_STRINGS = NO;
				SWIFT_VERSION = 5.0;
				TEST_HOST = "$(BUILT_PRODUCTS_DIR)/Bobble.app/Contents/MacOS/Bobble";
				TEST_TARGET_NAME = Bobble;
			};
			name = Debug;
		};
		G10000006 /* Release */ = {
			isa = XCBuildConfiguration;
			buildSettings = {
				BUNDLE_LOADER = "$(TEST_HOST)";
				CODE_SIGN_STYLE = Automatic;
				CURRENT_PROJECT_VERSION = 1;
				DEVELOPMENT_TEAM = MJWG2F9J23;
				GENERATE_INFOPLIST_FILE = YES;
				INFOPLIST_KEY_CFBundleDisplayName = BobbleTests;
				LD_RUNPATH_SEARCH_PATHS = (
					"$(inherited)",
					"@executable_path/../Frameworks",
					"@loader_path/../Frameworks",
				);
				MACOSX_DEPLOYMENT_TARGET = 14.0;
				MARKETING_VERSION = 1.0;
				PRODUCT_BUNDLE_IDENTIFIER = com.bobble.tests;
				PRODUCT_NAME = "$(TARGET_NAME)";
				SWIFT_EMIT_LOC_STRINGS = NO;
				SWIFT_VERSION = 5.0;
				TEST_HOST = "$(BUILT_PRODUCTS_DIR)/Bobble.app/Contents/MacOS/Bobble";
				TEST_TARGET_NAME = Bobble;
			};
			name = Release;
		};
/* End XCBuildConfiguration section */

/* Begin XCConfigurationList section */
		F10000002 /* Build configuration list for PBXProject "Bobble" */ = {
			isa = XCConfigurationList;
			buildConfigurations = (
				G10000001 /* Debug */,
				G10000002 /* Release */,
			);
			defaultConfigurationIsVisible = 0;
			defaultConfigurationName = Release;
		};
		F10000003 /* Build configuration list for PBXNativeTarget "Bobble" */ = {
			isa = XCConfigurationList;
			buildConfigurations = (
				G10000003 /* Debug */,
				G10000004 /* Release */,
			);
			defaultConfigurationIsVisible = 0;
			defaultConfigurationName = Release;
		};
		F10000004 /* Build configuration list for PBXNativeTarget "BobbleTests" */ = {
			isa = XCConfigurationList;
			buildConfigurations = (
				G10000005 /* Debug */,
				G10000006 /* Release */,
			);
			defaultConfigurationIsVisible = 0;
			defaultConfigurationName = Release;
		};
/* End XCConfigurationList section */
	};
	rootObject = F10000001 /* Project object */;
}
